
Microsoft Visual Studio Solution File, Format Version 11.00
# Visual C++ Express 2010
Project("{8BC9CEB8-8B4A-11D0-8D11-00A0C91BC942}") = "SpendTracker", "SpendTracker\SpendTracker.vcxproj", "{C088D5E6-89BB-449C-874C-76C4F4319604}"
EndProject
Global
	GlobalSection(SolutionConfigurationPlatforms) = preSolution
		Debug|Win32 = Debug|Win32
		Release|Win32 = Release|Win32
	EndGlobalSection
	GlobalSection(ProjectConfigurationPlatforms) = postSolution
		{C088D5E6-89BB-449C-874C-76C4F4319604}.Debug|Win32.ActiveCfg = Debug|Win32
		{C088D5E6-89BB-449C-874C-76C4F4319604}.Debug|Win32.Build.0 = Debug|Win32
		{C088D5E6-89BB-449C-874C-76C4F4319604}.Release|Win32.ActiveCfg = Release|Win32
		{C088D5E6-89BB-449C-874C-76C4F4319604}.Release|Win32.Build.0 = Release|Win32
	EndGlobalSection
	GlobalSection(SolutionProperties) = preSolution
		HideSolutionNode = FALSE
	EndGlobalSection
EndGlobal
